
Microsoft Visual Studio Solution File, Format Version 12.00
# Visual Studio Version 17
VisualStudioVersion = 17.4.33213.308
MinimumVisualStudioVersion = 10.0.40219.1
Project("{9A19103F-16F7-4668-BE54-9A1E7A4F7556}") = "01.DaysOfWeek", "01.DaysOfWeek\01.DaysOfWeek.csproj", "{703EBBCD-ED35-4DAE-AAEC-553FF318DBB5}"
EndProject
Project("{9A19103F-16F7-4668-BE54-9A1E7A4F7556}") = "02.WeekendorWorkingDay", "02.WeekendorWorkingDay\02.WeekendorWorkingDay.csproj", "{FC8F7CB6-0B74-410A-9C31-FB5043BBC211}"
EndProject
Project("{9A19103F-16F7-4668-BE54-9A1E7A4F7556}") = "03.AnimalType", "03.AnimalType\03.AnimalType.csproj", "{D71D6B26-7820-48A3-9810-F69D3FFDAF4F}"
EndProject
Project("{9A19103F-16F7-4668-BE54-9A1E7A4F7556}") = "04.PersonalTitles", "04.PersonalTitles\04.PersonalTitles.csproj", "{83EB03F6-AFE7-4CB6-8748-4AE2B8BE14FE}"
EndProject
Project("{9A19103F-16F7-4668-BE54-9A1E7A4F7556}") = "05.SmallShop", "05.SmallShop\05.SmallShop.csproj", "{83D3229F-901D-49F0-922F-520219431034}"
EndProject
Project("{9A19103F-16F7-4668-BE54-9A1E7A4F7556}") = "06.NumberinRange", "06.NumberinRange\06.NumberinRange.csproj", "{3173D87F-894F-4CAE-A98C-0A0BCC57831C}"
EndProject
Project("{9A19103F-16F7-4668-BE54-9A1E7A4F7556}") = "06.Workinghours", "06.Workinghours\06.Workinghours.csproj", "{8DBC1A35-A2F7-4D38-8AA5-4ADC409157B1}"
EndProject
Project("{9A19103F-16F7-4668-BE54-9A1E7A4F7556}") = "07.CinemaTickets", "07.CinemaTickets\07.CinemaTickets.csproj", "{0861F939-C5CD-424B-A197-50897A4F79DA}"
EndProject
Project("{9A19103F-16F7-4668-BE54-9A1E7A4F7556}") = "09.FruitVeg", "09.FruitVeg\09.FruitVeg.csproj", "{F7B2F9D6-9277-455D-8E4E-D8153221C46E}"
EndProject
Project("{9A19103F-16F7-4668-BE54-9A1E7A4F7556}") = "10.InvalidNumber", "10.InvalidNumber\10.InvalidNumber.csproj", "{1202489A-103A-4233-BE02-F5DA70479817}"
EndProject
Project("{9A19103F-16F7-4668-BE54-9A1E7A4F7556}") = "11.FruitShop", "11.FruitShop\11.FruitShop.csproj", "{B5AB9B49-8FBC-4E4B-B170-E6FC21CF82A5}"
EndProject
Project("{FAE04EC0-301F-11D3-BF4B-00C04F79EFBC}") = "12.TradeCommissions", "12.TradeCommissions\12.TradeCommissions.csproj", "{ECDD06AF-AA92-41DA-9DF5-042E7D42AB57}"
EndProject
Global
	GlobalSection(SolutionConfigurationPlatforms) = preSolution
		Debug|Any CPU = Debug|Any CPU
		Release|Any CPU = Release|Any CPU
	EndGlobalSection
	GlobalSection(ProjectConfigurationPlatforms) = postSolution
		{703EBBCD-ED35-4DAE-AAEC-553FF318DBB5}.Debug|Any CPU.ActiveCfg = Debug|Any CPU
		{703EBBCD-ED35-4DAE-AAEC-553FF318DBB5}.Debug|Any CPU.Build.0 = Debug|Any CPU
		{703EBBCD-ED35-4DAE-AAEC-553FF318DBB5}.Release|Any CPU.ActiveCfg = Release|Any CPU
		{703EBBCD-ED35-4DAE-AAEC-553FF318DBB5}.Release|Any CPU.Build.0 = Release|Any CPU
		{FC8F7CB6-0B74-410A-9C31-FB5043BBC211}.Debug|Any CPU.ActiveCfg = Debug|Any CPU
		{FC8F7CB6-0B74-410A-9C31-FB5043BBC211}.Debug|Any CPU.Build.0 = Debug|Any CPU
		{FC8F7CB6-0B74-410A-9C31-FB5043BBC211}.Release|Any CPU.ActiveCfg = Release|Any CPU
		{FC8F7CB6-0B74-410A-9C31-FB5043BBC211}.Release|Any CPU.Build.0 = Release|Any CPU
		{D71D6B26-7820-48A3-9810-F69D3FFDAF4F}.Debug|Any CPU.ActiveCfg = Debug|Any CPU
		{D71D6B26-7820-48A3-9810-F69D3FFDAF4F}.Debug|Any CPU.Build.0 = Debug|Any CPU
		{D71D6B26-7820-48A3-9810-F69D3FFDAF4F}.Release|Any CPU.ActiveCfg = Release|Any CPU
		{D71D6B26-7820-48A3-9810-F69D3FFDAF4F}.Release|Any CPU.Build.0 = Release|Any CPU
		{83EB03F6-AFE7-4CB6-8748-4AE2B8BE14FE}.Debug|Any CPU.ActiveCfg = Debug|Any CPU
		{83EB03F6-AFE7-4CB6-8748-4AE2B8BE14FE}.Debug|Any CPU.Build.0 = Debug|Any CPU
		{83EB03F6-AFE7-4CB6-8748-4AE2B8BE14FE}.Release|Any CPU.ActiveCfg = Release|Any CPU
		{83EB03F6-AFE7-4CB6-8748-4AE2B8BE14FE}.Release|Any CPU.Build.0 = Release|Any CPU
		{83D3229F-901D-49F0-922F-520219431034}.Debug|Any CPU.ActiveCfg = Debug|Any CPU
		{83D3229F-901D-49F0-922F-520219431034}.Debug|Any CPU.Build.0 = Debug|Any CPU
		{83D3229F-901D-49F0-922F-520219431034}.Release|Any CPU.ActiveCfg = Release|Any CPU
		{83D3229F-901D-49F0-922F-520219431034}.Release|Any CPU.Build.0 = Release|Any CPU
		{3173D87F-894F-4CAE-A98C-0A0BCC57831C}.Debug|Any CPU.ActiveCfg = Debug|Any CPU
		{3173D87F-894F-4CAE-A98C-0A0BCC57831C}.Debug|Any CPU.Build.0 = Debug|Any CPU
		{3173D87F-894F-4CAE-A98C-0A0BCC57831C}.Release|Any CPU.ActiveCfg = Release|Any CPU
		{3173D87F-894F-4CAE-A98C-0A0BCC57831C}.Release|Any CPU.Build.0 = Release|Any CPU
		{8DBC1A35-A2F7-4D38-8AA5-4ADC409157B1}.Debug|Any CPU.ActiveCfg = Debug|Any CPU
		{8DBC1A35-A2F7-4D38-8AA5-4ADC409157B1}.Debug|Any CPU.Build.0 = Debug|Any CPU
		{8DBC1A35-A2F7-4D38-8AA5-4ADC409157B1}.Release|Any CPU.ActiveCfg = Release|Any CPU
		{8DBC1A35-A2F7-4D38-8AA5-4ADC409157B1}.Release|Any CPU.Build.0 = Release|Any CPU
		{0861F939-C5CD-424B-A197-50897A4F79DA}.Debug|Any CPU.ActiveCfg = Debug|Any CPU
		{0861F939-C5CD-424B-A197-50897A4F79DA}.Debug|Any CPU.Build.0 = Debug|Any CPU
		{0861F939-C5CD-424B-A197-50897A4F79DA}.Release|Any CPU.ActiveCfg = Release|Any CPU
		{0861F939-C5CD-424B-A197-50897A4F79DA}.Release|Any CPU.Build.0 = Release|Any CPU
		{F7B2F9D6-9277-455D-8E4E-D8153221C46E}.Debug|Any CPU.ActiveCfg = Debug|Any CPU
		{F7B2F9D6-9277-455D-8E4E-D8153221C46E}.Debug|Any CPU.Build.0 = Debug|Any CPU
		{F7B2F9D6-9277-455D-8E4E-D8153221C46E}.Release|Any CPU.ActiveCfg = Release|Any CPU
		{F7B2F9D6-9277-455D-8E4E-D8153221C46E}.Release|Any CPU.Build.0 = Release|Any CPU
		{1202489A-103A-4233-BE02-F5DA70479817}.Debug|Any CPU.ActiveCfg = Debug|Any CPU
		{1202489A-103A-4233-BE02-F5DA70479817}.Debug|Any CPU.Build.0 = Debug|Any CPU
		{1202489A-103A-4233-BE02-F5DA70479817}.Release|Any CPU.ActiveCfg = Release|Any CPU
		{1202489A-103A-4233-BE02-F5DA70479817}.Release|Any CPU.Build.0 = Release|Any CPU
		{B5AB9B49-8FBC-4E4B-B170-E6FC21CF82A5}.Debug|Any CPU.ActiveCfg = Debug|Any CPU
		{B5AB9B49-8FBC-4E4B-B170-E6FC21CF82A5}.Debug|Any CPU.Build.0 = Debug|Any CPU
		{B5AB9B49-8FBC-4E4B-B170-E6FC21CF82A5}.Release|Any CPU.ActiveCfg = Release|Any CPU
		{B5AB9B49-8FBC-4E4B-B170-E6FC21CF82A5}.Release|Any CPU.Build.0 = Release|Any CPU
		{ECDD06AF-AA92-41DA-9DF5-042E7D42AB57}.Debug|Any CPU.ActiveCfg = Debug|Any CPU
		{ECDD06AF-AA92-41DA-9DF5-042E7D42AB57}.Debug|Any CPU.Build.0 = Debug|Any CPU
		{ECDD06AF-AA92-41DA-9DF5-042E7D42AB57}.Release|Any CPU.ActiveCfg = Release|Any CPU
		{ECDD06AF-AA92-41DA-9DF5-042E7D42AB57}.Release|Any CPU.Build.0 = Release|Any CPU
	EndGlobalSection
	GlobalSection(SolutionProperties) = preSolution
		HideSolutionNode = FALSE
	EndGlobalSection
	GlobalSection(ExtensibilityGlobals) = postSolution
		SolutionGuid = {0FF50585-1FBE-4062-8F18-E961428B8ABE}
	EndGlobalSection
EndGlobal
